
Microsoft Visual Studio Solution File, Format Version 12.00
# Visual Studio Version 17
VisualStudioVersion = 17.6.33829.357
MinimumVisualStudioVersion = 10.0.40219.1
Project("{9A19103F-16F7-4668-BE54-9A1E7A4F7556}") = "PersonApi", "rent\PersonApi.csproj", "{E2FD0AA2-C450-4DD7-9620-7368E18A61B2}"
EndProject
Project("{9A19103F-16F7-4668-BE54-9A1E7A4F7556}") = "HouseApi", "PropertiesApi\HouseApi.csproj", "{537166F4-622A-4DB1-AD5C-600749A852D2}"
EndProject
Project("{9A19103F-16F7-4668-BE54-9A1E7A4F7556}") = "ApiGateway", "ApiGateway\ApiGateway.csproj", "{A10DA047-8555-42D7-A719-17B710EE5697}"
EndProject
Project("{FAE04EC0-301F-11D3-BF4B-00C04F79EFBC}") = "NotificationApi", "NotificationApi\NotificationApi.csproj", "{0B32B474-163F-4C46-BA76-F83B7687DE31}"
EndProject
Global
	GlobalSection(SolutionConfigurationPlatforms) = preSolution
		Debug|Any CPU = Debug|Any CPU
		Release|Any CPU = Release|Any CPU
	EndGlobalSection
	GlobalSection(ProjectConfigurationPlatforms) = postSolution
		{E2FD0AA2-C450-4DD7-9620-7368E18A61B2}.Debug|Any CPU.ActiveCfg = Debug|Any CPU
		{E2FD0AA2-C450-4DD7-9620-7368E18A61B2}.Debug|Any CPU.Build.0 = Debug|Any CPU
		{E2FD0AA2-C450-4DD7-9620-7368E18A61B2}.Release|Any CPU.ActiveCfg = Release|Any CPU
		{E2FD0AA2-C450-4DD7-9620-7368E18A61B2}.Release|Any CPU.Build.0 = Release|Any CPU
		{537166F4-622A-4DB1-AD5C-600749A852D2}.Debug|Any CPU.ActiveCfg = Debug|Any CPU
		{537166F4-622A-4DB1-AD5C-600749A852D2}.Debug|Any CPU.Build.0 = Debug|Any CPU
		{537166F4-622A-4DB1-AD5C-600749A852D2}.Release|Any CPU.ActiveCfg = Release|Any CPU
		{537166F4-622A-4DB1-AD5C-600749A852D2}.Release|Any CPU.Build.0 = Release|Any CPU
		{A10DA047-8555-42D7-A719-17B710EE5697}.Debug|Any CPU.ActiveCfg = Debug|Any CPU
		{A10DA047-8555-42D7-A719-17B710EE5697}.Debug|Any CPU.Build.0 = Debug|Any CPU
		{A10DA047-8555-42D7-A719-17B710EE5697}.Release|Any CPU.ActiveCfg = Release|Any CPU
		{A10DA047-8555-42D7-A719-17B710EE5697}.Release|Any CPU.Build.0 = Release|Any CPU
		{0B32B474-163F-4C46-BA76-F83B7687DE31}.Debug|Any CPU.ActiveCfg = Debug|Any CPU
		{0B32B474-163F-4C46-BA76-F83B7687DE31}.Debug|Any CPU.Build.0 = Debug|Any CPU
		{0B32B474-163F-4C46-BA76-F83B7687DE31}.Release|Any CPU.ActiveCfg = Release|Any CPU
		{0B32B474-163F-4C46-BA76-F83B7687DE31}.Release|Any CPU.Build.0 = Release|Any CPU
	EndGlobalSection
	GlobalSection(SolutionProperties) = preSolution
		HideSolutionNode = FALSE
	EndGlobalSection
	GlobalSection(ExtensibilityGlobals) = postSolution
		SolutionGuid = {AD2A946D-A0A9-4201-84BE-AC5CC46A72F2}
	EndGlobalSection
EndGlobal
